
Microsoft Visual Studio Solution File, Format Version 10.00
# Visual Studio 2008
Project("{2150E333-8FDC-42A3-9474-1A3956D46DE8}") = "Solution Items", "Solution Items", "{DEA343EA-6B89-4360-B169-F0474A32B259}"
	ProjectSection(SolutionItems) = preProject
		README = README
		AUTHORS = AUTHORS
		COPYING = COPYING
		HACKING = HACKING
	EndProjectSection
EndProject
Project("{FAE04EC0-301F-11D3-BF4B-00C04F79EFBC}") = "Mono.Ssdp", "Mono.Ssdp\Mono.Ssdp.csproj", "{AD422A19-BA07-4039-B843-84E386804DD1}"
EndProject
Project("{FAE04EC0-301F-11D3-BF4B-00C04F79EFBC}") = "Mono.Upnp", "Mono.Upnp\Mono.Upnp.csproj", "{5E5A8C5E-334D-4ED2-B40F-34712C7E085C}"
EndProject
Project("{FAE04EC0-301F-11D3-BF4B-00C04F79EFBC}") = "Mono.Upnp.Dcp.MediaServer1", "Mono.Upnp.Dcp.MediaServer1\Mono.Upnp.Dcp.MediaServer1.csproj", "{D095ADE0-D74E-449C-BAF2-174A952B2056}"
EndProject
Global
	GlobalSection(SolutionConfigurationPlatforms) = preSolution
		Debug|Any CPU = Debug|Any CPU
		Release|Any CPU = Release|Any CPU
	EndGlobalSection
	GlobalSection(ProjectConfigurationPlatforms) = postSolution
		{5E5A8C5E-334D-4ED2-B40F-34712C7E085C}.Debug|Any CPU.ActiveCfg = Debug|Any CPU
		{5E5A8C5E-334D-4ED2-B40F-34712C7E085C}.Debug|Any CPU.Build.0 = Debug|Any CPU
		{5E5A8C5E-334D-4ED2-B40F-34712C7E085C}.Release|Any CPU.ActiveCfg = Release|Any CPU
		{5E5A8C5E-334D-4ED2-B40F-34712C7E085C}.Release|Any CPU.Build.0 = Release|Any CPU
		{AD422A19-BA07-4039-B843-84E386804DD1}.Debug|Any CPU.ActiveCfg = Debug|Any CPU
		{AD422A19-BA07-4039-B843-84E386804DD1}.Debug|Any CPU.Build.0 = Debug|Any CPU
		{AD422A19-BA07-4039-B843-84E386804DD1}.Release|Any CPU.ActiveCfg = Release|Any CPU
		{AD422A19-BA07-4039-B843-84E386804DD1}.Release|Any CPU.Build.0 = Release|Any CPU
		{D095ADE0-D74E-449C-BAF2-174A952B2056}.Debug|Any CPU.ActiveCfg = Debug|Any CPU
		{D095ADE0-D74E-449C-BAF2-174A952B2056}.Debug|Any CPU.Build.0 = Debug|Any CPU
		{D095ADE0-D74E-449C-BAF2-174A952B2056}.Release|Any CPU.ActiveCfg = Release|Any CPU
		{D095ADE0-D74E-449C-BAF2-174A952B2056}.Release|Any CPU.Build.0 = Release|Any CPU
	EndGlobalSection
	GlobalSection(NestedProjects) = preSolution
	EndGlobalSection
	GlobalSection(MonoDevelopProperties) = preSolution
		StartupItem = Mono.Ssdp\Mono.Ssdp.csproj
		Policies = $0
		$0.DotNetNamingPolicy = $1
		$1.DirectoryNamespaceAssociation = Flat
		$1.ResourceNamePolicy = FileFormatDefault
		$0.StandardHeader = $2
		$2.inheritsSet = MITX11License
		$0.TextStylePolicy = $3
		$3.FileWidth = 120
		$3.inheritsSet = VisualStudio
		$3.inheritsScope = text/plain
		$0.TextStylePolicy = $4
		$4.FileWidth = 120
		$4.NoTabsAfterNonTabs = True
		$4.RemoveTrailingWhitespace = True
		$4.EolMarker = Unix
		$4.inheritsSet = VisualStudio
		$4.inheritsScope = text/plain
		$4.scope = text/x-csharp
		$0.CSharpFormattingPolicy = $5
		$5.IfElseBraceForcement = AddBraces
		$5.ForBraceForcement = AddBraces
		$5.ForEachBraceForcement = AddBraces
		$5.WhileBraceForcement = AddBraces
		$5.UsingBraceForcement = AddBraces
		$5.FixedBraceForcement = AddBraces
		$5.inheritsSet = Mono
		$5.inheritsScope = text/x-csharp
		$5.scope = text/x-csharp
		$0.TextStylePolicy = $6
		$6.inheritsSet = VisualStudio
		$6.inheritsScope = text/plain
		$6.scope = text/plain
	EndGlobalSection
EndGlobal
